
Microsoft Visual Studio Solution File, Format Version 12.00
# Visual Studio Version 17
VisualStudioVersion = 17.14.37216.2 d17.14
MinimumVisualStudioVersion = 10.0.40219.1
Project("{FAE04EC0-301F-11D3-BF4B-00C04F79EFBC}") = "VetClinicApp", "VetClinicApp\VetClinicApp.csproj", "{511F867B-D852-443B-BC36-2BD9B767CBB0}"
EndProject
Global
	GlobalSection(SolutionConfigurationPlatforms) = preSolution
		Debug|Any CPU = Debug|Any CPU
		Release|Any CPU = Release|Any CPU
	EndGlobalSection
	GlobalSection(ProjectConfigurationPlatforms) = postSolution
		{511F867B-D852-443B-BC36-2BD9B767CBB0}.Debug|Any CPU.ActiveCfg = Debug|Any CPU
		{511F867B-D852-443B-BC36-2BD9B767CBB0}.Debug|Any CPU.Build.0 = Debug|Any CPU
		{511F867B-D852-443B-BC36-2BD9B767CBB0}.Release|Any CPU.ActiveCfg = Release|Any CPU
		{511F867B-D852-443B-BC36-2BD9B767CBB0}.Release|Any CPU.Build.0 = Release|Any CPU
	EndGlobalSection
	GlobalSection(SolutionProperties) = preSolution
		HideSolutionNode = FALSE
	EndGlobalSection
	GlobalSection(ExtensibilityGlobals) = postSolution
		SolutionGuid = {55393EEA-6400-454A-8A21-D208E50DC924}
	EndGlobalSection
EndGlobal
