
Microsoft Visual Studio Solution File, Format Version 12.00
# Visual Studio Version 17
VisualStudioVersion = 17.14.37111.16 d17.14
MinimumVisualStudioVersion = 10.0.40219.1
Project("{FAE04EC0-301F-11D3-BF4B-00C04F79EFBC}") = "PresentationLayer", "PresentationLayer\PresentationLayer.csproj", "{7452EB49-66EC-4444-8BBF-9450AE21CE52}"
EndProject
Project("{FAE04EC0-301F-11D3-BF4B-00C04F79EFBC}") = "BusinessLogicLayer", "BusinessLogicLayer\BusinessLogicLayer.csproj", "{96CF8CA2-E3DF-4148-97E4-5E1139FC0FCF}"
EndProject
Project("{FAE04EC0-301F-11D3-BF4B-00C04F79EFBC}") = "DataAccessLayer", "DataAccessLayer\DataAccessLayer.csproj", "{169D5D2D-957C-4547-A844-E62660C89F70}"
EndProject
Project("{FAE04EC0-301F-11D3-BF4B-00C04F79EFBC}") = "Models", "Models\Models.csproj", "{8AE1A8F1-3BD2-4618-9D1C-44FE29C598C2}"
EndProject
Global
	GlobalSection(SolutionConfigurationPlatforms) = preSolution
		Debug|Any CPU = Debug|Any CPU
		Release|Any CPU = Release|Any CPU
	EndGlobalSection
	GlobalSection(ProjectConfigurationPlatforms) = postSolution
		{7452EB49-66EC-4444-8BBF-9450AE21CE52}.Debug|Any CPU.ActiveCfg = Debug|Any CPU
		{7452EB49-66EC-4444-8BBF-9450AE21CE52}.Debug|Any CPU.Build.0 = Debug|Any CPU
		{7452EB49-66EC-4444-8BBF-9450AE21CE52}.Release|Any CPU.ActiveCfg = Release|Any CPU
		{7452EB49-66EC-4444-8BBF-9450AE21CE52}.Release|Any CPU.Build.0 = Release|Any CPU
		{96CF8CA2-E3DF-4148-97E4-5E1139FC0FCF}.Debug|Any CPU.ActiveCfg = Debug|Any CPU
		{96CF8CA2-E3DF-4148-97E4-5E1139FC0FCF}.Debug|Any CPU.Build.0 = Debug|Any CPU
		{96CF8CA2-E3DF-4148-97E4-5E1139FC0FCF}.Release|Any CPU.ActiveCfg = Release|Any CPU
		{96CF8CA2-E3DF-4148-97E4-5E1139FC0FCF}.Release|Any CPU.Build.0 = Release|Any CPU
		{169D5D2D-957C-4547-A844-E62660C89F70}.Debug|Any CPU.ActiveCfg = Debug|Any CPU
		{169D5D2D-957C-4547-A844-E62660C89F70}.Debug|Any CPU.Build.0 = Debug|Any CPU
		{169D5D2D-957C-4547-A844-E62660C89F70}.Release|Any CPU.ActiveCfg = Release|Any CPU
		{169D5D2D-957C-4547-A844-E62660C89F70}.Release|Any CPU.Build.0 = Release|Any CPU
		{8AE1A8F1-3BD2-4618-9D1C-44FE29C598C2}.Debug|Any CPU.ActiveCfg = Debug|Any CPU
		{8AE1A8F1-3BD2-4618-9D1C-44FE29C598C2}.Debug|Any CPU.Build.0 = Debug|Any CPU
		{8AE1A8F1-3BD2-4618-9D1C-44FE29C598C2}.Release|Any CPU.ActiveCfg = Release|Any CPU
		{8AE1A8F1-3BD2-4618-9D1C-44FE29C598C2}.Release|Any CPU.Build.0 = Release|Any CPU
	EndGlobalSection
	GlobalSection(SolutionProperties) = preSolution
		HideSolutionNode = FALSE
	EndGlobalSection
	GlobalSection(ExtensibilityGlobals) = postSolution
		SolutionGuid = {377D1727-905F-452C-806A-E9A7A2F4E390}
	EndGlobalSection
EndGlobal
